
Microsoft Visual Studio Solution File, Format Version 12.00
# Visual Studio Version 17
VisualStudioVersion = 17.10.35013.160
MinimumVisualStudioVersion = 10.0.40219.1
Project("{FAE04EC0-301F-11D3-BF4B-00C04F79EFBC}") = "1DataBinding5363922", "1DataBinding5363922\1DataBinding5363922.csproj", "{F5466E03-DFEF-4373-AB84-D0850BC08261}"
EndProject
Global
	GlobalSection(SolutionConfigurationPlatforms) = preSolution
		Debug|Any CPU = Debug|Any CPU
		Release|Any CPU = Release|Any CPU
	EndGlobalSection
	GlobalSection(ProjectConfigurationPlatforms) = postSolution
		{F5466E03-DFEF-4373-AB84-D0850BC08261}.Debug|Any CPU.ActiveCfg = Debug|Any CPU
		{F5466E03-DFEF-4373-AB84-D0850BC08261}.Debug|Any CPU.Build.0 = Debug|Any CPU
		{F5466E03-DFEF-4373-AB84-D0850BC08261}.Debug|Any CPU.Deploy.0 = Debug|Any CPU
		{F5466E03-DFEF-4373-AB84-D0850BC08261}.Release|Any CPU.ActiveCfg = Release|Any CPU
		{F5466E03-DFEF-4373-AB84-D0850BC08261}.Release|Any CPU.Build.0 = Release|Any CPU
		{F5466E03-DFEF-4373-AB84-D0850BC08261}.Release|Any CPU.Deploy.0 = Release|Any CPU
	EndGlobalSection
	GlobalSection(SolutionProperties) = preSolution
		HideSolutionNode = FALSE
	EndGlobalSection
	GlobalSection(ExtensibilityGlobals) = postSolution
		SolutionGuid = {09111725-BB5E-4633-BFD7-3443988AFFA4}
	EndGlobalSection
EndGlobal
